using System;
using System.Collections.Generic;
using System.ComponentModel;
using System.Data;
using System.Drawing;
using System.Linq;
using System.Text;
using System.Threading.Tasks;
using System.Windows.Forms;
using System.Data.SqlClient;

Namespace WindowsFormsApp2
{
    public partial class Form1 : Form
    {
        Public Form1()
        {
            InitializeComponent();
        }
        SqlConnection cnx = new SqlConnection(@"Data Source=DESKTOP-T0A85C5;Initial Catalog=anyname;Integrated Security=True");
        SqlDataReader da;

        private void button2_Click(object sender, EventArgs e)
        {
            SqlCommand cmd = new SqlCommand("update Forenesseur set id=" + int.Parse(textBox1.Text)+ ",Nom='" + textBox2.Text + "',Prenom='" + textBox4.Text + "' where id =" + int.Parse(textBox1.Text) + "", cnx);

            cnx.Open();
            cmd.ExecuteNonQuery();

            cnx.Close();
            Form1_Load(sender, e);
        }

        private void button3_Click(object sender, EventArgs e)
        {
            SqlCommand cmd = new SqlCommand("select * from Forenesseur  where id ='" + int.Parse(textBox3.Text)+ "'", cnx);

            cnx.Open();
            da = cmd.ExecuteReader();
            while (da.Read())
            {
                textBox1.Text = da[0].ToString();
                textBox2.Text = da[1].ToString();
                textBox4.Text = da[2].ToString();
            }

            cnx.Close();
        }

        private void button4_Click(object sender, EventArgs e)
        {

            SqlCommand cmd = new SqlCommand("delete Forenesseur where id ='" + int.Parse(textBox3.Text) + "'", cnx);

            cnx.Open();
            cmd.ExecuteNonQuery();

            cnx.Close();
           Form1_Load(sender, e);
        }

        private void dataGridView1_CellContentClick(object sender, DataGridViewCellEventArgs e)
        {
        //    Form2 f = new  Form2();
        //    f.MdiParent.Show();
         }

        private void dataGridView1_CellClick(object sender, DataGridViewCellEventArgs e)
        {

          Form2 f = new  Form2();

            f.textBox1.Text = (Convert.ToInt32(dataGridView1.Rows[e.RowIndex].Cells[0].Value)).ToString();
             f.Show();


        }

        private void button1_Click(object sender, EventArgs e)
        {
            dataGridView1.Rows.Clear();

            try
            {


                SqlCommand cmd = new SqlCommand("insert into Forenesseur values(" + int.Parse(textBox1.Text)+ ",'" + textBox2.Text + "','" + textBox4.Text + "');", cnx);
                cnx.Open();
                cmd.ExecuteNonQuery();
                cnx.Close();
                Form1_Load(sender, e);
            }
            catch (Exception ex)
            {
                MessageBox.Show(ex.Message);
            }
        }

        private void Form1_Load(object sender, EventArgs e)
        {
            dataGridView1.Rows.Clear();
            dataGridView1.Columns.Clear();

            SqlCommand cmd = new SqlCommand("select *  from Forenesseur", cnx);
            cnx.Open();
            da = cmd.ExecuteReader();

            dataGridView1.Columns.Add("id", "id");
            dataGridView1.Columns.Add("Nom", "Nom");
            dataGridView1.Columns.Add(" Prenom", " Prenom");

            while (da.Read())
            {
                dataGridView1.Rows.Add(da[0], da[1], da[2]);
            }
            cnx.Close();
        }
    }
}
